
Microsoft Visual Studio Solution File, Format Version 12.00
# Visual Studio 15
VisualStudioVersion = 15.0.27130.2027
MinimumVisualStudioVersion = 10.0.40219.1
Project("{FAE04EC0-301F-11D3-BF4B-00C04F79EFBC}") = "MVCWebApplicationDemo", "MVCWebApplicationDemo\MVCWebApplicationDemo.csproj", "{A7E8F58E-A3F0-41D3-82EA-2F7C928BA388}"
EndProject
Project("{E53339B2-1760-4266-BCC7-CA923CBCF16C}") = "docker-compose", "docker-compose.dcproj", "{5BFE3730-C595-4DB0-A9C7-55FE07B3F05D}"
EndProject
Global
	GlobalSection(SolutionConfigurationPlatforms) = preSolution
		Debug|Any CPU = Debug|Any CPU
		Release|Any CPU = Release|Any CPU
	EndGlobalSection
	GlobalSection(ProjectConfigurationPlatforms) = postSolution
		{A7E8F58E-A3F0-41D3-82EA-2F7C928BA388}.Debug|Any CPU.ActiveCfg = Debug|Any CPU
		{A7E8F58E-A3F0-41D3-82EA-2F7C928BA388}.Debug|Any CPU.Build.0 = Debug|Any CPU
		{A7E8F58E-A3F0-41D3-82EA-2F7C928BA388}.Release|Any CPU.ActiveCfg = Release|Any CPU
		{A7E8F58E-A3F0-41D3-82EA-2F7C928BA388}.Release|Any CPU.Build.0 = Release|Any CPU
		{5BFE3730-C595-4DB0-A9C7-55FE07B3F05D}.Debug|Any CPU.ActiveCfg = Debug|Any CPU
		{5BFE3730-C595-4DB0-A9C7-55FE07B3F05D}.Debug|Any CPU.Build.0 = Debug|Any CPU
		{5BFE3730-C595-4DB0-A9C7-55FE07B3F05D}.Release|Any CPU.ActiveCfg = Release|Any CPU
		{5BFE3730-C595-4DB0-A9C7-55FE07B3F05D}.Release|Any CPU.Build.0 = Release|Any CPU
	EndGlobalSection
	GlobalSection(SolutionProperties) = preSolution
		HideSolutionNode = FALSE
	EndGlobalSection
	GlobalSection(ExtensibilityGlobals) = postSolution
		SolutionGuid = {CA15E016-FA81-4C6A-97C1-301AAE7608BD}
	EndGlobalSection
EndGlobal
